<?xml version="1.0" encoding="utf-8"?>
<Project ToolsVersion="4.0" xmlns="http://schemas.microsoft.com/developer/msbuild/2003">
  <ItemGroup>
    <Filter Include="Pio">
      <UniqueIdentifier>{2D15880B-991E-887C-229A-9E7C8EA2937C}</UniqueIdentifier>
    </Filter>
    <Filter Include="Pio\Events">
      <UniqueIdentifier>{718C067C-5D44-48C9-C64B-2125B222E3B9}</UniqueIdentifier>
    </Filter>
    <Filter Include="Platform">
      <UniqueIdentifier>{2AC788B4-1694-E3BF-3FAD-D1672BD9184E}</UniqueIdentifier>
    </Filter>
    <Filter Include="Platform\Windows">
      <UniqueIdentifier>{64FBD71A-50F4-F66C-7926-DCF1657ED678}</UniqueIdentifier>
    </Filter>
  </ItemGroup>
  <ItemGroup>
    <ClInclude Include="src\Pio.h" />
    <ClInclude Include="src\Pio\Application.h">
      <Filter>Pio</Filter>
    </ClInclude>
    <ClInclude Include="src\Pio\Core.h">
      <Filter>Pio</Filter>
    </ClInclude>
    <ClInclude Include="src\Pio\EntryPoint.h">
      <Filter>Pio</Filter>
    </ClInclude>
    <ClInclude Include="src\Pio\Events\ApplicationEvent.h">
      <Filter>Pio\Events</Filter>
    </ClInclude>
    <ClInclude Include="src\Pio\Events\Event.h">
      <Filter>Pio\Events</Filter>
    </ClInclude>
    <ClInclude Include="src\Pio\Events\KeyEvent.h">
      <Filter>Pio\Events</Filter>
    </ClInclude>
    <ClInclude Include="src\Pio\Events\MouseEvent.h">
      <Filter>Pio\Events</Filter>
    </ClInclude>
    <ClInclude Include="src\Pio\Log.h">
      <Filter>Pio</Filter>
    </ClInclude>
    <ClInclude Include="src\Pio\Window.h">
      <Filter>Pio</Filter>
    </ClInclude>
    <ClInclude Include="src\Platform\Windows\WindowsWindow.h">
      <Filter>Platform\Windows</Filter>
    </ClInclude>
    <ClInclude Include="src\piopch.h" />
  </ItemGroup>
  <ItemGroup>
    <ClCompile Include="src\Pio\Application.cpp">
      <Filter>Pio</Filter>
    </ClCompile>
    <ClCompile Include="src\Pio\Log.cpp">
      <Filter>Pio</Filter>
    </ClCompile>
    <ClCompile Include="src\Platform\Windows\WindowsWindow.cpp">
      <Filter>Platform\Windows</Filter>
    </ClCompile>
    <ClCompile Include="src\piopch.cpp" />
  </ItemGroup>
</Project>